{
  "version": 4,
  "terraform_version": "1.12.2",
  "serial": 10,
  "lineage": "bebbd776-a7ce-a6cc-6438-b972b45e0c6e",
  "outputs": {
    "preprod_vm_public_ip": {
      "value": "4.178.188.187",
      "type": "string"
    },
    "prod_vm_public_ip": {
      "value": "4.178.188.238",
      "type": "string"
    }
  },
  "resources": [
    {
      "mode": "managed",
      "type": "azurerm_linux_virtual_machine",
      "name": "preprod_vm",
      "provider": "provider[\"registry.terraform.io/hashicorp/azurerm\"]",
      "instances": [
        {
          "schema_version": 0,
          "attributes": {
            "additional_capabilities": [],
            "admin_password": null,
            "admin_ssh_key": [
              {
                "public_key": "ssh-rsa AAAAB3NzaC1yc2EAAAADAQABAAACAQC1AMxwkP/zfFbH/jDBAA9RlPGZVj0KmLD7KWFobmXbXy+2sRqdDJDqyRgOGEjqpzXLN6r94R2SSFDpMew6mPMlEoqrFLUZbiyJGNm0cUXx3bO3Wla7JyXE9g33NCBfwU1I9BUMVBB9OjXHkXbKB2pPso7383c9duKZjRvUZ2VWeiHO0mcGwYgpXKE34b25Oochgsh3dCv0QtE7pD89NcSECF29aHiMCGl8g9l2iZCXj7P7hTsmacNe1ho8aCOqvbUfZp9AvK5xHgCLutF6DAvI4OXqSO/FmulQsAkyn1z6KiL1N+PPTLXm16ef2a0ebE5BRDCtkquq+9aXQSkTzGooWnjmUbNI99heBxqPFUVAh/J10ny3xrIpA+e0NZqY8942qOfoVFtAz3YZ/bzTKnGNweIdhzR3BbrnxZelYy6gn08pAk3up6qRoqMhqVJqYWzrYitk1iCx/A098l9JCkZ2lScwVmAAocy7t0DBlGQ+jOmKo9pMPEbNRD5joFsFArac5xHw1WdxMcdzzv70jeWoIw8lD3XBCWynxHO5cixY41HqoZ8xs3zbMkZBZyasAeQJ+7ZnH5kW2Yb+TTvgL8F4d2HQtjVileP8VMH8ZFqtR6vqHof+dUwWLUx0xNeh9FrbANY03C43k75w/BB2NR90mNbG9gOrUnHdjNR3PK7FhQ== gitlab\n",
                "username": "adminuser"
              }
            ],
            "admin_username": "adminuser",
            "allow_extension_operations": true,
            "availability_set_id": "",
            "boot_diagnostics": [],
            "bypass_platform_safety_checks_on_user_schedule_enabled": false,
            "capacity_reservation_group_id": "",
            "computer_name": "preprod-vm",
            "custom_data": null,
            "dedicated_host_group_id": "",
            "dedicated_host_id": "",
            "disable_password_authentication": true,
            "disk_controller_type": "",
            "edge_zone": "",
            "encryption_at_host_enabled": false,
            "eviction_policy": "",
            "extensions_time_budget": "PT1H30M",
            "gallery_application": [],
            "id": "/subscriptions/90f905d1-6c87-4202-9851-f735e7b46e30/resourceGroups/UsineLogicielle-RG/providers/Microsoft.Compute/virtualMachines/preprod-vm",
            "identity": [],
            "license_type": "",
            "location": "francecentral",
            "max_bid_price": -1,
            "name": "preprod-vm",
            "network_interface_ids": [
              "/subscriptions/90f905d1-6c87-4202-9851-f735e7b46e30/resourceGroups/UsineLogicielle-RG/providers/Microsoft.Network/networkInterfaces/preprod-nic"
            ],
            "os_disk": [
              {
                "caching": "ReadWrite",
                "diff_disk_settings": [],
                "disk_encryption_set_id": "",
                "disk_size_gb": 30,
                "name": "preprod-vm_OsDisk_1_6547dab7ae3a4ecc93480ceb7c99ff6c",
                "secure_vm_disk_encryption_set_id": "",
                "security_encryption_type": "",
                "storage_account_type": "Standard_LRS",
                "write_accelerator_enabled": false
              }
            ],
            "os_image_notification": [],
            "patch_assessment_mode": "ImageDefault",
            "patch_mode": "ImageDefault",
            "plan": [],
            "platform_fault_domain": -1,
            "priority": "Regular",
            "private_ip_address": "10.0.1.5",
            "private_ip_addresses": [
              "10.0.1.5"
            ],
            "provision_vm_agent": true,
            "proximity_placement_group_id": "",
            "public_ip_address": "4.178.188.187",
            "public_ip_addresses": [
              "4.178.188.187"
            ],
            "reboot_setting": "",
            "resource_group_name": "UsineLogicielle-RG",
            "secret": [],
            "secure_boot_enabled": false,
            "size": "Standard_B1s",
            "source_image_id": "",
            "source_image_reference": [
              {
                "offer": "0001-com-ubuntu-server-jammy",
                "publisher": "Canonical",
                "sku": "22_04-lts",
                "version": "latest"
              }
            ],
            "tags": null,
            "termination_notification": null,
            "timeouts": null,
            "user_data": "",
            "virtual_machine_id": "61e7a4e3-4272-4578-855c-a5e42b4d0999",
            "virtual_machine_scale_set_id": "",
            "vm_agent_platform_updates_enabled": false,
            "vtpm_enabled": false,
            "zone": ""
          },
          "sensitive_attributes": [
            [
              {
                "type": "get_attr",
                "value": "admin_password"
              }
            ],
            [
              {
                "type": "get_attr",
                "value": "custom_data"
              }
            ]
          ],
          "identity_schema_version": 0,
          "private": "eyJlMmJmYjczMC1lY2FhLTExZTYtOGY4OC0zNDM2M2JjN2M0YzAiOnsiY3JlYXRlIjoyNzAwMDAwMDAwMDAwLCJkZWxldGUiOjI3MDAwMDAwMDAwMDAsInJlYWQiOjMwMDAwMDAwMDAwMCwidXBkYXRlIjoyNzAwMDAwMDAwMDAwfX0=",
          "dependencies": [
            "azurerm_network_interface.preprod_nic",
            "azurerm_public_ip.preprod_pip",
            "azurerm_resource_group.rg",
            "azurerm_subnet.subnet",
            "azurerm_virtual_network.vnet"
          ]
        }
      ]
    },
    {
      "mode": "managed",
      "type": "azurerm_linux_virtual_machine",
      "name": "prod_vm",
      "provider": "provider[\"registry.terraform.io/hashicorp/azurerm\"]",
      "instances": [
        {
          "schema_version": 0,
          "attributes": {
            "additional_capabilities": [],
            "admin_password": null,
            "admin_ssh_key": [
              {
                "public_key": "ssh-rsa AAAAB3NzaC1yc2EAAAADAQABAAACAQC1AMxwkP/zfFbH/jDBAA9RlPGZVj0KmLD7KWFobmXbXy+2sRqdDJDqyRgOGEjqpzXLN6r94R2SSFDpMew6mPMlEoqrFLUZbiyJGNm0cUXx3bO3Wla7JyXE9g33NCBfwU1I9BUMVBB9OjXHkXbKB2pPso7383c9duKZjRvUZ2VWeiHO0mcGwYgpXKE34b25Oochgsh3dCv0QtE7pD89NcSECF29aHiMCGl8g9l2iZCXj7P7hTsmacNe1ho8aCOqvbUfZp9AvK5xHgCLutF6DAvI4OXqSO/FmulQsAkyn1z6KiL1N+PPTLXm16ef2a0ebE5BRDCtkquq+9aXQSkTzGooWnjmUbNI99heBxqPFUVAh/J10ny3xrIpA+e0NZqY8942qOfoVFtAz3YZ/bzTKnGNweIdhzR3BbrnxZelYy6gn08pAk3up6qRoqMhqVJqYWzrYitk1iCx/A098l9JCkZ2lScwVmAAocy7t0DBlGQ+jOmKo9pMPEbNRD5joFsFArac5xHw1WdxMcdzzv70jeWoIw8lD3XBCWynxHO5cixY41HqoZ8xs3zbMkZBZyasAeQJ+7ZnH5kW2Yb+TTvgL8F4d2HQtjVileP8VMH8ZFqtR6vqHof+dUwWLUx0xNeh9FrbANY03C43k75w/BB2NR90mNbG9gOrUnHdjNR3PK7FhQ== gitlab\n",
                "username": "adminuser"
              }
            ],
            "admin_username": "adminuser",
            "allow_extension_operations": true,
            "availability_set_id": "",
            "boot_diagnostics": [],
            "bypass_platform_safety_checks_on_user_schedule_enabled": false,
            "capacity_reservation_group_id": "",
            "computer_name": "prod-vm",
            "custom_data": null,
            "dedicated_host_group_id": "",
            "dedicated_host_id": "",
            "disable_password_authentication": true,
            "disk_controller_type": "",
            "edge_zone": "",
            "encryption_at_host_enabled": false,
            "eviction_policy": "",
            "extensions_time_budget": "PT1H30M",
            "gallery_application": [],
            "id": "/subscriptions/90f905d1-6c87-4202-9851-f735e7b46e30/resourceGroups/UsineLogicielle-RG/providers/Microsoft.Compute/virtualMachines/prod-vm",
            "identity": [],
            "license_type": "",
            "location": "francecentral",
            "max_bid_price": -1,
            "name": "prod-vm",
            "network_interface_ids": [
              "/subscriptions/90f905d1-6c87-4202-9851-f735e7b46e30/resourceGroups/UsineLogicielle-RG/providers/Microsoft.Network/networkInterfaces/prod-nic"
            ],
            "os_disk": [
              {
                "caching": "ReadWrite",
                "diff_disk_settings": [],
                "disk_encryption_set_id": "",
                "disk_size_gb": 30,
                "name": "prod-vm_OsDisk_1_6a84ced861df40b8844149c02c1ffe31",
                "secure_vm_disk_encryption_set_id": "",
                "security_encryption_type": "",
                "storage_account_type": "Standard_LRS",
                "write_accelerator_enabled": false
              }
            ],
            "os_image_notification": [],
            "patch_assessment_mode": "ImageDefault",
            "patch_mode": "ImageDefault",
            "plan": [],
            "platform_fault_domain": -1,
            "priority": "Regular",
            "private_ip_address": "10.0.1.4",
            "private_ip_addresses": [
              "10.0.1.4"
            ],
            "provision_vm_agent": true,
            "proximity_placement_group_id": "",
            "public_ip_address": "4.178.188.238",
            "public_ip_addresses": [
              "4.178.188.238"
            ],
            "reboot_setting": "",
            "resource_group_name": "UsineLogicielle-RG",
            "secret": [],
            "secure_boot_enabled": false,
            "size": "Standard_B1s",
            "source_image_id": "",
            "source_image_reference": [
              {
                "offer": "0001-com-ubuntu-server-jammy",
                "publisher": "Canonical",
                "sku": "22_04-lts",
                "version": "latest"
              }
            ],
            "tags": null,
            "termination_notification": null,
            "timeouts": null,
            "user_data": "",
            "virtual_machine_id": "f8cc0767-1981-467a-b076-fbd18da0ed68",
            "virtual_machine_scale_set_id": "",
            "vm_agent_platform_updates_enabled": false,
            "vtpm_enabled": false,
            "zone": ""
          },
          "sensitive_attributes": [
            [
              {
                "type": "get_attr",
                "value": "admin_password"
              }
            ],
            [
              {
                "type": "get_attr",
                "value": "custom_data"
              }
            ]
          ],
          "identity_schema_version": 0,
          "private": "eyJlMmJmYjczMC1lY2FhLTExZTYtOGY4OC0zNDM2M2JjN2M0YzAiOnsiY3JlYXRlIjoyNzAwMDAwMDAwMDAwLCJkZWxldGUiOjI3MDAwMDAwMDAwMDAsInJlYWQiOjMwMDAwMDAwMDAwMCwidXBkYXRlIjoyNzAwMDAwMDAwMDAwfX0=",
          "dependencies": [
            "azurerm_network_interface.prod_nic",
            "azurerm_public_ip.prod_pip",
            "azurerm_resource_group.rg",
            "azurerm_subnet.subnet",
            "azurerm_virtual_network.vnet"
          ]
        }
      ]
    },
    {
      "mode": "managed",
      "type": "azurerm_network_interface",
      "name": "preprod_nic",
      "provider": "provider[\"registry.terraform.io/hashicorp/azurerm\"]",
      "instances": [
        {
          "schema_version": 0,
          "attributes": {
            "accelerated_networking_enabled": false,
            "applied_dns_servers": [],
            "auxiliary_mode": "",
            "auxiliary_sku": "",
            "dns_servers": [],
            "edge_zone": "",
            "enable_accelerated_networking": false,
            "enable_ip_forwarding": false,
            "id": "/subscriptions/90f905d1-6c87-4202-9851-f735e7b46e30/resourceGroups/UsineLogicielle-RG/providers/Microsoft.Network/networkInterfaces/preprod-nic",
            "internal_dns_name_label": "",
            "internal_domain_name_suffix": "caih0dgumw2uhduukmmmtwrc0g.parx.internal.cloudapp.net",
            "ip_configuration": [
              {
                "gateway_load_balancer_frontend_ip_configuration_id": "",
                "name": "internal",
                "primary": true,
                "private_ip_address": "10.0.1.5",
                "private_ip_address_allocation": "Dynamic",
                "private_ip_address_version": "IPv4",
                "public_ip_address_id": "/subscriptions/90f905d1-6c87-4202-9851-f735e7b46e30/resourceGroups/UsineLogicielle-RG/providers/Microsoft.Network/publicIPAddresses/preprod-pip",
                "subnet_id": "/subscriptions/90f905d1-6c87-4202-9851-f735e7b46e30/resourceGroups/UsineLogicielle-RG/providers/Microsoft.Network/virtualNetworks/usine-logicielle-vnet/subnets/default-subnet"
              }
            ],
            "ip_forwarding_enabled": false,
            "location": "francecentral",
            "mac_address": "",
            "name": "preprod-nic",
            "private_ip_address": "10.0.1.5",
            "private_ip_addresses": [
              "10.0.1.5"
            ],
            "resource_group_name": "UsineLogicielle-RG",
            "tags": null,
            "timeouts": null,
            "virtual_machine_id": ""
          },
          "sensitive_attributes": [],
          "identity_schema_version": 0,
          "private": "eyJlMmJmYjczMC1lY2FhLTExZTYtOGY4OC0zNDM2M2JjN2M0YzAiOnsiY3JlYXRlIjoxODAwMDAwMDAwMDAwLCJkZWxldGUiOjE4MDAwMDAwMDAwMDAsInJlYWQiOjMwMDAwMDAwMDAwMCwidXBkYXRlIjoxODAwMDAwMDAwMDAwfX0=",
          "dependencies": [
            "azurerm_public_ip.preprod_pip",
            "azurerm_resource_group.rg",
            "azurerm_subnet.subnet",
            "azurerm_virtual_network.vnet"
          ]
        }
      ]
    },
    {
      "mode": "managed",
      "type": "azurerm_network_interface",
      "name": "prod_nic",
      "provider": "provider[\"registry.terraform.io/hashicorp/azurerm\"]",
      "instances": [
        {
          "schema_version": 0,
          "attributes": {
            "accelerated_networking_enabled": false,
            "applied_dns_servers": [],
            "auxiliary_mode": "",
            "auxiliary_sku": "",
            "dns_servers": [],
            "edge_zone": "",
            "enable_accelerated_networking": false,
            "enable_ip_forwarding": false,
            "id": "/subscriptions/90f905d1-6c87-4202-9851-f735e7b46e30/resourceGroups/UsineLogicielle-RG/providers/Microsoft.Network/networkInterfaces/prod-nic",
            "internal_dns_name_label": "",
            "internal_domain_name_suffix": "caih0dgumw2uhduukmmmtwrc0g.parx.internal.cloudapp.net",
            "ip_configuration": [
              {
                "gateway_load_balancer_frontend_ip_configuration_id": "",
                "name": "internal",
                "primary": true,
                "private_ip_address": "10.0.1.4",
                "private_ip_address_allocation": "Dynamic",
                "private_ip_address_version": "IPv4",
                "public_ip_address_id": "/subscriptions/90f905d1-6c87-4202-9851-f735e7b46e30/resourceGroups/UsineLogicielle-RG/providers/Microsoft.Network/publicIPAddresses/prod-pip",
                "subnet_id": "/subscriptions/90f905d1-6c87-4202-9851-f735e7b46e30/resourceGroups/UsineLogicielle-RG/providers/Microsoft.Network/virtualNetworks/usine-logicielle-vnet/subnets/default-subnet"
              }
            ],
            "ip_forwarding_enabled": false,
            "location": "francecentral",
            "mac_address": "",
            "name": "prod-nic",
            "private_ip_address": "10.0.1.4",
            "private_ip_addresses": [
              "10.0.1.4"
            ],
            "resource_group_name": "UsineLogicielle-RG",
            "tags": null,
            "timeouts": null,
            "virtual_machine_id": ""
          },
          "sensitive_attributes": [],
          "identity_schema_version": 0,
          "private": "eyJlMmJmYjczMC1lY2FhLTExZTYtOGY4OC0zNDM2M2JjN2M0YzAiOnsiY3JlYXRlIjoxODAwMDAwMDAwMDAwLCJkZWxldGUiOjE4MDAwMDAwMDAwMDAsInJlYWQiOjMwMDAwMDAwMDAwMCwidXBkYXRlIjoxODAwMDAwMDAwMDAwfX0=",
          "dependencies": [
            "azurerm_public_ip.prod_pip",
            "azurerm_resource_group.rg",
            "azurerm_subnet.subnet",
            "azurerm_virtual_network.vnet"
          ]
        }
      ]
    },
    {
      "mode": "managed",
      "type": "azurerm_public_ip",
      "name": "preprod_pip",
      "provider": "provider[\"registry.terraform.io/hashicorp/azurerm\"]",
      "instances": [
        {
          "schema_version": 0,
          "attributes": {
            "allocation_method": "Static",
            "ddos_protection_mode": "VirtualNetworkInherited",
            "ddos_protection_plan_id": null,
            "domain_name_label": null,
            "edge_zone": "",
            "fqdn": null,
            "id": "/subscriptions/90f905d1-6c87-4202-9851-f735e7b46e30/resourceGroups/UsineLogicielle-RG/providers/Microsoft.Network/publicIPAddresses/preprod-pip",
            "idle_timeout_in_minutes": 4,
            "ip_address": "4.178.188.187",
            "ip_tags": null,
            "ip_version": "IPv4",
            "location": "francecentral",
            "name": "preprod-pip",
            "public_ip_prefix_id": null,
            "resource_group_name": "UsineLogicielle-RG",
            "reverse_fqdn": null,
            "sku": "Basic",
            "sku_tier": "Regional",
            "tags": null,
            "timeouts": null,
            "zones": null
          },
          "sensitive_attributes": [],
          "identity_schema_version": 0,
          "private": "eyJlMmJmYjczMC1lY2FhLTExZTYtOGY4OC0zNDM2M2JjN2M0YzAiOnsiY3JlYXRlIjoxODAwMDAwMDAwMDAwLCJkZWxldGUiOjE4MDAwMDAwMDAwMDAsInJlYWQiOjMwMDAwMDAwMDAwMCwidXBkYXRlIjoxODAwMDAwMDAwMDAwfX0=",
          "dependencies": [
            "azurerm_resource_group.rg"
          ]
        }
      ]
    },
    {
      "mode": "managed",
      "type": "azurerm_public_ip",
      "name": "prod_pip",
      "provider": "provider[\"registry.terraform.io/hashicorp/azurerm\"]",
      "instances": [
        {
          "schema_version": 0,
          "attributes": {
            "allocation_method": "Static",
            "ddos_protection_mode": "VirtualNetworkInherited",
            "ddos_protection_plan_id": null,
            "domain_name_label": null,
            "edge_zone": "",
            "fqdn": null,
            "id": "/subscriptions/90f905d1-6c87-4202-9851-f735e7b46e30/resourceGroups/UsineLogicielle-RG/providers/Microsoft.Network/publicIPAddresses/prod-pip",
            "idle_timeout_in_minutes": 4,
            "ip_address": "4.178.188.238",
            "ip_tags": null,
            "ip_version": "IPv4",
            "location": "francecentral",
            "name": "prod-pip",
            "public_ip_prefix_id": null,
            "resource_group_name": "UsineLogicielle-RG",
            "reverse_fqdn": null,
            "sku": "Basic",
            "sku_tier": "Regional",
            "tags": null,
            "timeouts": null,
            "zones": null
          },
          "sensitive_attributes": [],
          "identity_schema_version": 0,
          "private": "eyJlMmJmYjczMC1lY2FhLTExZTYtOGY4OC0zNDM2M2JjN2M0YzAiOnsiY3JlYXRlIjoxODAwMDAwMDAwMDAwLCJkZWxldGUiOjE4MDAwMDAwMDAwMDAsInJlYWQiOjMwMDAwMDAwMDAwMCwidXBkYXRlIjoxODAwMDAwMDAwMDAwfX0=",
          "dependencies": [
            "azurerm_resource_group.rg"
          ]
        }
      ]
    },
    {
      "mode": "managed",
      "type": "azurerm_resource_group",
      "name": "rg",
      "provider": "provider[\"registry.terraform.io/hashicorp/azurerm\"]",
      "instances": [
        {
          "schema_version": 0,
          "attributes": {
            "id": "/subscriptions/90f905d1-6c87-4202-9851-f735e7b46e30/resourceGroups/UsineLogicielle-RG",
            "location": "francecentral",
            "managed_by": "",
            "name": "UsineLogicielle-RG",
            "tags": null,
            "timeouts": null
          },
          "sensitive_attributes": [],
          "identity_schema_version": 0,
          "private": "eyJlMmJmYjczMC1lY2FhLTExZTYtOGY4OC0zNDM2M2JjN2M0YzAiOnsiY3JlYXRlIjo1NDAwMDAwMDAwMDAwLCJkZWxldGUiOjU0MDAwMDAwMDAwMDAsInJlYWQiOjMwMDAwMDAwMDAwMCwidXBkYXRlIjo1NDAwMDAwMDAwMDAwfX0="
        }
      ]
    },
    {
      "mode": "managed",
      "type": "azurerm_subnet",
      "name": "subnet",
      "provider": "provider[\"registry.terraform.io/hashicorp/azurerm\"]",
      "instances": [
        {
          "schema_version": 0,
          "attributes": {
            "address_prefixes": [
              "10.0.1.0/24"
            ],
            "default_outbound_access_enabled": true,
            "delegation": [],
            "enforce_private_link_endpoint_network_policies": false,
            "enforce_private_link_service_network_policies": false,
            "id": "/subscriptions/90f905d1-6c87-4202-9851-f735e7b46e30/resourceGroups/UsineLogicielle-RG/providers/Microsoft.Network/virtualNetworks/usine-logicielle-vnet/subnets/default-subnet",
            "name": "default-subnet",
            "private_endpoint_network_policies": "Enabled",
            "private_endpoint_network_policies_enabled": true,
            "private_link_service_network_policies_enabled": true,
            "resource_group_name": "UsineLogicielle-RG",
            "service_endpoint_policy_ids": null,
            "service_endpoints": null,
            "timeouts": null,
            "virtual_network_name": "usine-logicielle-vnet"
          },
          "sensitive_attributes": [],
          "identity_schema_version": 0,
          "private": "eyJlMmJmYjczMC1lY2FhLTExZTYtOGY4OC0zNDM2M2JjN2M0YzAiOnsiY3JlYXRlIjoxODAwMDAwMDAwMDAwLCJkZWxldGUiOjE4MDAwMDAwMDAwMDAsInJlYWQiOjMwMDAwMDAwMDAwMCwidXBkYXRlIjoxODAwMDAwMDAwMDAwfX0=",
          "dependencies": [
            "azurerm_resource_group.rg",
            "azurerm_virtual_network.vnet"
          ]
        }
      ]
    },
    {
      "mode": "managed",
      "type": "azurerm_virtual_network",
      "name": "vnet",
      "provider": "provider[\"registry.terraform.io/hashicorp/azurerm\"]",
      "instances": [
        {
          "schema_version": 0,
          "attributes": {
            "address_space": [
              "10.0.0.0/16"
            ],
            "bgp_community": "",
            "ddos_protection_plan": [],
            "dns_servers": [],
            "edge_zone": "",
            "encryption": [],
            "flow_timeout_in_minutes": 0,
            "guid": "0c7d1010-65d4-43b9-8e94-5318c9da22d6",
            "id": "/subscriptions/90f905d1-6c87-4202-9851-f735e7b46e30/resourceGroups/UsineLogicielle-RG/providers/Microsoft.Network/virtualNetworks/usine-logicielle-vnet",
            "location": "francecentral",
            "name": "usine-logicielle-vnet",
            "resource_group_name": "UsineLogicielle-RG",
            "subnet": [],
            "tags": null,
            "timeouts": null
          },
          "sensitive_attributes": [],
          "identity_schema_version": 0,
          "private": "eyJlMmJmYjczMC1lY2FhLTExZTYtOGY4OC0zNDM2M2JjN2M0YzAiOnsiY3JlYXRlIjoxODAwMDAwMDAwMDAwLCJkZWxldGUiOjE4MDAwMDAwMDAwMDAsInJlYWQiOjMwMDAwMDAwMDAwMCwidXBkYXRlIjoxODAwMDAwMDAwMDAwfX0=",
          "dependencies": [
            "azurerm_resource_group.rg"
          ]
        }
      ]
    }
  ],
  "check_results": null
}
